
Microsoft Visual Studio Solution File, Format Version 12.00
# Visual Studio 15
VisualStudioVersion = 15.0.28010.2041
MinimumVisualStudioVersion = 10.0.40219.1
Project("{FAE04EC0-301F-11D3-BF4B-00C04F79EFBC}") = "Homework 4-08-19", "Homework 4-08-19\Homework 4-08-19.csproj", "{AEB1991B-86D1-4CEA-8487-7A190C186095}"
EndProject
Global
	GlobalSection(SolutionConfigurationPlatforms) = preSolution
		Debug|Any CPU = Debug|Any CPU
		Release|Any CPU = Release|Any CPU
	EndGlobalSection
	GlobalSection(ProjectConfigurationPlatforms) = postSolution
		{AEB1991B-86D1-4CEA-8487-7A190C186095}.Debug|Any CPU.ActiveCfg = Debug|Any CPU
		{AEB1991B-86D1-4CEA-8487-7A190C186095}.Debug|Any CPU.Build.0 = Debug|Any CPU
		{AEB1991B-86D1-4CEA-8487-7A190C186095}.Release|Any CPU.ActiveCfg = Release|Any CPU
		{AEB1991B-86D1-4CEA-8487-7A190C186095}.Release|Any CPU.Build.0 = Release|Any CPU
	EndGlobalSection
	GlobalSection(SolutionProperties) = preSolution
		HideSolutionNode = FALSE
	EndGlobalSection
	GlobalSection(ExtensibilityGlobals) = postSolution
		SolutionGuid = {F74F2539-246C-4D70-8D58-E1BEE451C23C}
	EndGlobalSection
EndGlobal
